PODS:
  - WBLoadingIndicatorView (1.1.4):
    - WBLoadingIndicatorView/WBAnimations (= 1.1.4)
  - WBLoadingIndicatorView/WBAnimations (1.1.4)

DEPENDENCIES:
  - WBLoadingIndicatorView (from `../`)

EXTERNAL SOURCES:
  WBLoadingIndicatorView:
    :path: "../"

SPEC CHECKSUMS:
  WBLoadingIndicatorView: f33a09af0dc9cc91beba64ca4ae83b6958a7b89b

PODFILE CHECKSUM: c451a4d41158f0f75a06554e234adae522cbf209

COCOAPODS: 1.5.3
