PODS:
  - WBLoadingIndicatorView (1.1.0):
    - WBLoadingIndicatorView/WBAnimations (= 1.1.0)
  - WBLoadingIndicatorView/WBAnimations (1.1.0)

DEPENDENCIES:
  - WBLoadingIndicatorView (from `../`)

EXTERNAL SOURCES:
  WBLoadingIndicatorView:
    :path: "../"

SPEC CHECKSUMS:
  WBLoadingIndicatorView: 901596e799f190d0144fb65a50dd9b4de6c77519

PODFILE CHECKSUM: c451a4d41158f0f75a06554e234adae522cbf209

COCOAPODS: 1.5.3
